uuid: 64130ca6-83fe-41c4-945b-619c916e294c
langcode: en
status: true
dependencies:
  module:
    - ps_main_menu
  theme:
    - perlita_shop
id: usermenublock
theme: perlita_shop
region: top
weight: -2
provider: null
plugin: user_menu_block
settings:
  id: user_menu_block
  label: 'User menu block'
  provider: ps_main_menu
  label_display: '0'
visibility: {  }
