uuid: 18e0404a-dd34-4895-aea4-e783bfc1ca93
langcode: sl
status: true
dependencies:
  module:
    - ps_footer
  theme:
    - perlita_shop
id: copyrightblock
theme: perlita_shop
region: footer
weight: 0
provider: null
plugin: copyright_block
settings:
  id: copyright_block
  label: 'Copyright block'
  provider: ps_footer
  label_display: '0'
visibility: {  }
