uuid: 870d1ae1-3002-4123-a1aa-a0b3738d1ecc
langcode: en
status: true
dependencies:
  module:
    - ps_main_menu
  theme:
    - perlita_shop
id: logoblock
theme: perlita_shop
region: top
weight: -3
provider: null
plugin: logo_block
settings:
  id: logo_block
  label: 'Logo block'
  provider: ps_main_menu
  label_display: '0'
visibility: {  }
