uuid: 0c5bd09e-b42e-4857-b050-820ff7ce79c7
langcode: sl
status: true
dependencies:
  module:
    - ps_footer
  theme:
    - perlita_shop
id: footernavigationblock
theme: perlita_shop
region: footer_col2
weight: 0
provider: null
plugin: footer_navigation_block
settings:
  id: footer_navigation_block
  label: 'Footer navigation block'
  provider: ps_footer
  label_display: '0'
visibility: {  }
